// !$*UTF8*$!
{
	archiveVersion = 1;
	classes = {
	};
	objectVersion = 46;
	objects = {

/* Begin PBXBuildFile section */
		5700691681F3404B82D1B616 /* libPods-aerogear-otp.iosTests.a in Frameworks */ = {isa = PBXBuildFile; fileRef = 02EB89E49E7843ECB5C2BAA9 /* libPods-aerogear-otp.iosTests.a */; };
		6F303D3916E7967B00F88AC0 /* common.xcconfig in Resources */ = {isa = PBXBuildFile; fileRef = 6F303D3816E7967B00F88AC0 /* common.xcconfig */; };
		81F410675DF4BE98DD67260F /* AGClock.m in Sources */ = {isa = PBXBuildFile; fileRef = 81F418EFDDBDCB1AEDB7E5CB /* AGClock.m */; };
		81F411400E888F8F8FC747C3 /* AGTotp.h in CopyFiles */ = {isa = PBXBuildFile; fileRef = 81F41F70D8A686C1492A99EC /* AGTotp.h */; };
		81F411FF838A6B5FD400910F /* InfoPlist.strings in Resources */ = {isa = PBXBuildFile; fileRef = 81F41AE49B44356348304329 /* InfoPlist.strings */; };
		81F41258F05528DFC3EDD476 /* AGTotpTests.m in Sources */ = {isa = PBXBuildFile; fileRef = 81F413635101311EA2858A9A /* AGTotpTests.m */; };
		81F41439DA438E3AA36ADD26 /* AGBase32.h in CopyFiles */ = {isa = PBXBuildFile; fileRef = 81F41C3A626C603D977F068A /* AGBase32.h */; };
		81F4152394D09E48D35C733C /* AGStringEncoding.m in Sources */ = {isa = PBXBuildFile; fileRef = 81F415D53FE00D394660FECD /* AGStringEncoding.m */; };
		81F41756774CCFE0E443575E /* Foundation.framework in Frameworks */ = {isa = PBXBuildFile; fileRef = 81F41D8D0107C4A79962F802 /* Foundation.framework */; };
		81F4183B5599B1F00B7404BD /* UIKit.framework in Frameworks */ = {isa = PBXBuildFile; fileRef = 81F4106D1F3FE8FB17BDE31F /* UIKit.framework */; };
		81F41877C7A276B7428ADFA7 /* AGOtp.h in CopyFiles */ = {isa = PBXBuildFile; fileRef = 81F41214CF9DDC5E95CC61D0 /* AGOtp.h */; };
		81F41936F0B88A61F022511A /* AGClock.h in CopyFiles */ = {isa = PBXBuildFile; fileRef = 81F417C839AD9C2AC8FA1BA3 /* AGClock.h */; };
		81F419A16AB0420B039EEA1A /* AGBase32.m in Sources */ = {isa = PBXBuildFile; fileRef = 81F410518A256C3F0B7D3755 /* AGBase32.m */; };
		81F41A44E73B163C5C4B95BA /* AGStringEncoding.h in CopyFiles */ = {isa = PBXBuildFile; fileRef = 81F4116F749633D5D40920F4 /* AGStringEncoding.h */; };
		81F41B6CCA6DEFDD3B02DDDB /* AGTotp.m in Sources */ = {isa = PBXBuildFile; fileRef = 81F41619A751E93404EB6E4B /* AGTotp.m */; };
		81F41E8603F38A15A3D6DE7C /* Foundation.framework in Frameworks */ = {isa = PBXBuildFile; fileRef = 81F41D8D0107C4A79962F802 /* Foundation.framework */; };
		81F41EA5818BC731CFB8EBFF /* SenTestingKit.framework in Frameworks */ = {isa = PBXBuildFile; fileRef = 81F4153064F1AD8390B46832 /* SenTestingKit.framework */; };
		81F41EF24351CF2FDE3EAB37 /* AGOtp.m in Sources */ = {isa = PBXBuildFile; fileRef = 81F41A09B543FA84D4F3E6FF /* AGOtp.m */; };
		E11169A216724E6900C07264 /* AGClockTests.m in Sources */ = {isa = PBXBuildFile; fileRef = E11169A116724E6900C07264 /* AGClockTests.m */; };
		E19BA98316727DDC00736639 /* AGClock.m in Sources */ = {isa = PBXBuildFile; fileRef = 81F418EFDDBDCB1AEDB7E5CB /* AGClock.m */; };
		E19BA98416727DDC00736639 /* AGClock.h in Sources */ = {isa = PBXBuildFile; fileRef = 81F417C839AD9C2AC8FA1BA3 /* AGClock.h */; };
		E19BA98616727DF200736639 /* AGTotp.h in Sources */ = {isa = PBXBuildFile; fileRef = 81F41F70D8A686C1492A99EC /* AGTotp.h */; };
		E19BA98716727DF200736639 /* AGOtp.h in Sources */ = {isa = PBXBuildFile; fileRef = 81F41214CF9DDC5E95CC61D0 /* AGOtp.h */; };
		E19BA98816727DF200736639 /* AeroGearOTP.h in Sources */ = {isa = PBXBuildFile; fileRef = 57A0DA83165E2CFA00F6965A /* AeroGearOTP.h */; };
		E1D6C1B11676D39000995666 /* AGStringEncoding.m in Sources */ = {isa = PBXBuildFile; fileRef = 81F415D53FE00D394660FECD /* AGStringEncoding.m */; };
		E1D6C1B21676D39000995666 /* AGStringEncoding.h in Sources */ = {isa = PBXBuildFile; fileRef = 81F4116F749633D5D40920F4 /* AGStringEncoding.h */; };
		E1D6C1B31676D39000995666 /* AGBase32.m in Sources */ = {isa = PBXBuildFile; fileRef = 81F410518A256C3F0B7D3755 /* AGBase32.m */; };
		E1D6C1B41676D39000995666 /* AGBase32.h in Sources */ = {isa = PBXBuildFile; fileRef = 81F41C3A626C603D977F068A /* AGBase32.h */; };
		E1F939CF165AA14500C5EB63 /* AGTotp.m in Sources */ = {isa = PBXBuildFile; fileRef = 81F41619A751E93404EB6E4B /* AGTotp.m */; };
		E1F939D1165AA14F00C5EB63 /* AGOtp.m in Sources */ = {isa = PBXBuildFile; fileRef = 81F41A09B543FA84D4F3E6FF /* AGOtp.m */; };
/* End PBXBuildFile section */

/* Begin PBXContainerItemProxy section */
		81F41D3442F738087AC13E89 /* PBXContainerItemProxy */ = {
			isa = PBXContainerItemProxy;
			containerPortal = 81F411BA5904484694D442E0 /* Project object */;
			proxyType = 1;
			remoteGlobalIDString = 81F412E1D1AC3AA31388DBC2;
			remoteInfo = "aerogear-otp.ios";
		};
/* End PBXContainerItemProxy section */

/* Begin PBXCopyFilesBuildPhase section */
		81F417FD846DF60F5EE8A5B7 /* CopyFiles */ = {
			isa = PBXCopyFilesBuildPhase;
			buildActionMask = 2147483647;
			dstPath = "include/${PRODUCT_NAME}";
			dstSubfolderSpec = 16;
			files = (
				81F411400E888F8F8FC747C3 /* AGTotp.h in CopyFiles */,
				81F41877C7A276B7428ADFA7 /* AGOtp.h in CopyFiles */,
				81F41936F0B88A61F022511A /* AGClock.h in CopyFiles */,
				81F41A44E73B163C5C4B95BA /* AGStringEncoding.h in CopyFiles */,
				81F41439DA438E3AA36ADD26 /* AGBase32.h in CopyFiles */,
			);
			runOnlyForDeploymentPostprocessing = 0;
		};
/* End PBXCopyFilesBuildPhase section */

/* Begin PBXFileReference section */
		02EB89E49E7843ECB5C2BAA9 /* libPods-aerogear-otp.iosTests.a */ = {isa = PBXFileReference; explicitFileType = archive.ar; includeInIndex = 0; path = "libPods-aerogear-otp.iosTests.a"; sourceTree = BUILT_PRODUCTS_DIR; };
		40BD4D415A0A41898667C1F3 /* Pods-aerogear-otp.iosTests.xcconfig */ = {isa = PBXFileReference; includeInIndex = 1; lastKnownFileType = text.xcconfig; name = "Pods-aerogear-otp.iosTests.xcconfig"; path = "Pods/Pods-aerogear-otp.iosTests.xcconfig"; sourceTree = SOURCE_ROOT; };
		57A0DA83165E2CFA00F6965A /* AeroGearOTP.h */ = {isa = PBXFileReference; fileEncoding = 4; lastKnownFileType = sourcecode.c.h; name = AeroGearOTP.h; path = Classes/AeroGearOTP.h; sourceTree = "<group>"; };
		6F303D3816E7967B00F88AC0 /* common.xcconfig */ = {isa = PBXFileReference; fileEncoding = 4; lastKnownFileType = text.xcconfig; path = common.xcconfig; sourceTree = "<group>"; };
		81F410518A256C3F0B7D3755 /* AGBase32.m */ = {isa = PBXFileReference; fileEncoding = 4; lastKnownFileType = sourcecode.c.objc; name = AGBase32.m; path = Classes/AGBase32.m; sourceTree = "<group>"; };
		81F4106D1F3FE8FB17BDE31F /* UIKit.framework */ = {isa = PBXFileReference; includeInIndex = 1; lastKnownFileType = wrapper.framework; name = UIKit.framework; path = System/Library/Frameworks/UIKit.framework; sourceTree = SDKROOT; };
		81F4116F749633D5D40920F4 /* AGStringEncoding.h */ = {isa = PBXFileReference; fileEncoding = 4; lastKnownFileType = sourcecode.c.h; name = AGStringEncoding.h; path = Classes/AGStringEncoding.h; sourceTree = "<group>"; };
		81F41214CF9DDC5E95CC61D0 /* AGOtp.h */ = {isa = PBXFileReference; fileEncoding = 4; lastKnownFileType = sourcecode.c.h; name = AGOtp.h; path = Classes/AGOtp.h; sourceTree = "<group>"; };
		81F413635101311EA2858A9A /* AGTotpTests.m */ = {isa = PBXFileReference; lastKnownFileType = sourcecode.c.objc; path = AGTotpTests.m; sourceTree = "<group>"; };
		81F4153064F1AD8390B46832 /* SenTestingKit.framework */ = {isa = PBXFileReference; includeInIndex = 1; lastKnownFileType = wrapper.framework; name = SenTestingKit.framework; path = Library/Frameworks/SenTestingKit.framework; sourceTree = DEVELOPER_DIR; };
		81F415D53FE00D394660FECD /* AGStringEncoding.m */ = {isa = PBXFileReference; fileEncoding = 4; lastKnownFileType = sourcecode.c.objc; name = AGStringEncoding.m; path = Classes/AGStringEncoding.m; sourceTree = "<group>"; };
		81F41619A751E93404EB6E4B /* AGTotp.m */ = {isa = PBXFileReference; fileEncoding = 4; lastKnownFileType = sourcecode.c.objc; name = AGTotp.m; path = Classes/AGTotp.m; sourceTree = "<group>"; };
		81F41621D94B6B79552689A3 /* libaerogear-otp.ios.a */ = {isa = PBXFileReference; explicitFileType = archive.ar; includeInIndex = 0; path = "libaerogear-otp.ios.a"; sourceTree = BUILT_PRODUCTS_DIR; };
		81F417C839AD9C2AC8FA1BA3 /* AGClock.h */ = {isa = PBXFileReference; fileEncoding = 4; lastKnownFileType = sourcecode.c.h; name = AGClock.h; path = Classes/AGClock.h; sourceTree = "<group>"; };
		81F418EFDDBDCB1AEDB7E5CB /* AGClock.m */ = {isa = PBXFileReference; fileEncoding = 4; lastKnownFileType = sourcecode.c.objc; name = AGClock.m; path = Classes/AGClock.m; sourceTree = "<group>"; };
		81F41A09B543FA84D4F3E6FF /* AGOtp.m */ = {isa = PBXFileReference; fileEncoding = 4; lastKnownFileType = sourcecode.c.objc; name = AGOtp.m; path = Classes/AGOtp.m; sourceTree = "<group>"; };
		81F41A339F6C8F87B8839281 /* aerogear-otp.ios-Prefix.pch */ = {isa = PBXFileReference; lastKnownFileType = sourcecode.c.h; path = "aerogear-otp.ios-Prefix.pch"; sourceTree = "<group>"; };
		81F41A9BDB3BA0CCB64675D3 /* en */ = {isa = PBXFileReference; lastKnownFileType = text.plist.strings; name = en; path = en.lproj/InfoPlist.strings; sourceTree = "<group>"; };
		81F41C3A626C603D977F068A /* AGBase32.h */ = {isa = PBXFileReference; fileEncoding = 4; lastKnownFileType = sourcecode.c.h; name = AGBase32.h; path = Classes/AGBase32.h; sourceTree = "<group>"; };
		81F41C79681C1E7FC6E18233 /* aerogear-otp.iosTests-Info.plist */ = {isa = PBXFileReference; lastKnownFileType = text.plist.xml; path = "aerogear-otp.iosTests-Info.plist"; sourceTree = "<group>"; };
		81F41D8D0107C4A79962F802 /* Foundation.framework */ = {isa = PBXFileReference; includeInIndex = 1; lastKnownFileType = wrapper.framework; name = Foundation.framework; path = System/Library/Frameworks/Foundation.framework; sourceTree = SDKROOT; };
		81F41DAAA0F339CAA4A45113 /* aerogear-otp.iosTests.octest */ = {isa = PBXFileReference; explicitFileType = wrapper.cfbundle; includeInIndex = 0; path = "aerogear-otp.iosTests.octest"; sourceTree = BUILT_PRODUCTS_DIR; };
		81F41F70D8A686C1492A99EC /* AGTotp.h */ = {isa = PBXFileReference; fileEncoding = 4; lastKnownFileType = sourcecode.c.h; name = AGTotp.h; path = Classes/AGTotp.h; sourceTree = "<group>"; };
		E11169A116724E6900C07264 /* AGClockTests.m */ = {isa = PBXFileReference; fileEncoding = 4; lastKnownFileType = sourcecode.c.objc; path = AGClockTests.m; sourceTree = "<group>"; };
/* End PBXFileReference section */

/* Begin PBXFrameworksBuildPhase section */
		81F416E3494E87BD1B604831 /* Frameworks */ = {
			isa = PBXFrameworksBuildPhase;
			buildActionMask = 2147483647;
			files = (
				81F41EA5818BC731CFB8EBFF /* SenTestingKit.framework in Frameworks */,
				81F4183B5599B1F00B7404BD /* UIKit.framework in Frameworks */,
				81F41756774CCFE0E443575E /* Foundation.framework in Frameworks */,
				5700691681F3404B82D1B616 /* libPods-aerogear-otp.iosTests.a in Frameworks */,
			);
			runOnlyForDeploymentPostprocessing = 0;
		};
		81F419E2DE82351CAF39B84B /* Frameworks */ = {
			isa = PBXFrameworksBuildPhase;
			buildActionMask = 2147483647;
			files = (
				81F41E8603F38A15A3D6DE7C /* Foundation.framework in Frameworks */,
			);
			runOnlyForDeploymentPostprocessing = 0;
		};
/* End PBXFrameworksBuildPhase section */

/* Begin PBXGroup section */
		81F41388A888F2535026DDEE /* aerogear-otp.iosTests */ = {
			isa = PBXGroup;
			children = (
				81F41B5BE5FFADC666E61AA4 /* Supporting Files */,
				81F413635101311EA2858A9A /* AGTotpTests.m */,
				E11169A116724E6900C07264 /* AGClockTests.m */,
			);
			path = "aerogear-otp.iosTests";
			sourceTree = "<group>";
		};
		81F415AECDD9C8C189F9DF76 /* Products */ = {
			isa = PBXGroup;
			children = (
				81F41621D94B6B79552689A3 /* libaerogear-otp.ios.a */,
				81F41DAAA0F339CAA4A45113 /* aerogear-otp.iosTests.octest */,
			);
			name = Products;
			sourceTree = "<group>";
		};
		81F41A4F242A5F3F8A0988CD /* aerogear-otp.ios */ = {
			isa = PBXGroup;
			children = (
				81F41CDC9BA237C5509D7034 /* Supporting Files */,
				A0AD30951677D2ED00104932 /* Classes */,
				57A0DA83165E2CFA00F6965A /* AeroGearOTP.h */,
			);
			path = "aerogear-otp.ios";
			sourceTree = "<group>";
		};
		81F41B5BE5FFADC666E61AA4 /* Supporting Files */ = {
			isa = PBXGroup;
			children = (
				81F41C79681C1E7FC6E18233 /* aerogear-otp.iosTests-Info.plist */,
				81F41AE49B44356348304329 /* InfoPlist.strings */,
			);
			name = "Supporting Files";
			sourceTree = "<group>";
		};
		81F41C8363C8B4FF82940B04 = {
			isa = PBXGroup;
			children = (
				6F303D3816E7967B00F88AC0 /* common.xcconfig */,
				81F415AECDD9C8C189F9DF76 /* Products */,
				81F41D392730CBCAA494FACD /* Frameworks */,
				81F41A4F242A5F3F8A0988CD /* aerogear-otp.ios */,
				81F41388A888F2535026DDEE /* aerogear-otp.iosTests */,
				40BD4D415A0A41898667C1F3 /* Pods-aerogear-otp.iosTests.xcconfig */,
			);
			sourceTree = "<group>";
		};
		81F41CDC9BA237C5509D7034 /* Supporting Files */ = {
			isa = PBXGroup;
			children = (
				81F41A339F6C8F87B8839281 /* aerogear-otp.ios-Prefix.pch */,
			);
			name = "Supporting Files";
			sourceTree = "<group>";
		};
		81F41D392730CBCAA494FACD /* Frameworks */ = {
			isa = PBXGroup;
			children = (
				81F41D8D0107C4A79962F802 /* Foundation.framework */,
				81F4153064F1AD8390B46832 /* SenTestingKit.framework */,
				81F4106D1F3FE8FB17BDE31F /* UIKit.framework */,
				02EB89E49E7843ECB5C2BAA9 /* libPods-aerogear-otp.iosTests.a */,
			);
			name = Frameworks;
			sourceTree = "<group>";
		};
		A0AD30951677D2ED00104932 /* Classes */ = {
			isa = PBXGroup;
			children = (
				81F41F70D8A686C1492A99EC /* AGTotp.h */,
				81F41619A751E93404EB6E4B /* AGTotp.m */,
				81F41214CF9DDC5E95CC61D0 /* AGOtp.h */,
				81F41A09B543FA84D4F3E6FF /* AGOtp.m */,
				81F417C839AD9C2AC8FA1BA3 /* AGClock.h */,
				81F418EFDDBDCB1AEDB7E5CB /* AGClock.m */,
				81F4116F749633D5D40920F4 /* AGStringEncoding.h */,
				81F415D53FE00D394660FECD /* AGStringEncoding.m */,
				81F41C3A626C603D977F068A /* AGBase32.h */,
				81F410518A256C3F0B7D3755 /* AGBase32.m */,
			);
			name = Classes;
			sourceTree = "<group>";
		};
/* End PBXGroup section */

/* Begin PBXNativeTarget section */
		81F412E1D1AC3AA31388DBC2 /* aerogear-otp.ios */ = {
			isa = PBXNativeTarget;
			buildConfigurationList = 81F4129254F03A22F986AA87 /* Build configuration list for PBXNativeTarget "aerogear-otp.ios" */;
			buildPhases = (
				81F41936F323608E71AAF41D /* Sources */,
				81F419E2DE82351CAF39B84B /* Frameworks */,
				81F417FD846DF60F5EE8A5B7 /* CopyFiles */,
			);
			buildRules = (
			);
			dependencies = (
			);
			name = "aerogear-otp.ios";
			productName = "aerogear-otp.ios";
			productReference = 81F41621D94B6B79552689A3 /* libaerogear-otp.ios.a */;
			productType = "com.apple.product-type.library.static";
		};
		81F41B0DE92C2117AB2F5685 /* aerogear-otp.iosTests */ = {
			isa = PBXNativeTarget;
			buildConfigurationList = 81F4170EC4C2307C435655A3 /* Build configuration list for PBXNativeTarget "aerogear-otp.iosTests" */;
			buildPhases = (
				81F41371A9713B70DC19ED87 /* Sources */,
				81F416E3494E87BD1B604831 /* Frameworks */,
				81F4190F94A95991D47E1DA5 /* Resources */,
				81F410BEDA29A4E040C6596B /* ShellScript */,
				96FD797C33904378828CE6EC /* Copy Pods Resources */,
			);
			buildRules = (
			);
			dependencies = (
				81F41B220FACB32A3BFE2685 /* PBXTargetDependency */,
			);
			name = "aerogear-otp.iosTests";
			productName = "aerogear-otp.iosTests";
			productReference = 81F41DAAA0F339CAA4A45113 /* aerogear-otp.iosTests.octest */;
			productType = "com.apple.product-type.bundle";
		};
/* End PBXNativeTarget section */

/* Begin PBXProject section */
		81F411BA5904484694D442E0 /* Project object */ = {
			isa = PBXProject;
			attributes = {
				LastUpgradeCheck = 0450;
			};
			buildConfigurationList = 81F4135C0429595CE78B95FB /* Build configuration list for PBXProject "aerogear-otp.ios" */;
			compatibilityVersion = "Xcode 3.2";
			developmentRegion = English;
			hasScannedForEncodings = 0;
			knownRegions = (
				en,
			);
			mainGroup = 81F41C8363C8B4FF82940B04;
			productRefGroup = 81F415AECDD9C8C189F9DF76 /* Products */;
			projectDirPath = "";
			projectRoot = "";
			targets = (
				81F412E1D1AC3AA31388DBC2 /* aerogear-otp.ios */,
				81F41B0DE92C2117AB2F5685 /* aerogear-otp.iosTests */,
			);
		};
/* End PBXProject section */

/* Begin PBXResourcesBuildPhase section */
		81F4190F94A95991D47E1DA5 /* Resources */ = {
			isa = PBXResourcesBuildPhase;
			buildActionMask = 2147483647;
			files = (
				81F411FF838A6B5FD400910F /* InfoPlist.strings in Resources */,
				6F303D3916E7967B00F88AC0 /* common.xcconfig in Resources */,
			);
			runOnlyForDeploymentPostprocessing = 0;
		};
/* End PBXResourcesBuildPhase section */

/* Begin PBXShellScriptBuildPhase section */
		81F410BEDA29A4E040C6596B /* ShellScript */ = {
			isa = PBXShellScriptBuildPhase;
			buildActionMask = 2147483647;
			files = (
			);
			inputPaths = (
			);
			outputPaths = (
			);
			runOnlyForDeploymentPostprocessing = 0;
			shellPath = /bin/sh;
			shellScript = "# Run the unit tests in this test bundle.\n\"${SYSTEM_DEVELOPER_DIR}/Tools/RunUnitTests\"\n";
		};
		96FD797C33904378828CE6EC /* Copy Pods Resources */ = {
			isa = PBXShellScriptBuildPhase;
			buildActionMask = 2147483647;
			files = (
			);
			inputPaths = (
			);
			name = "Copy Pods Resources";
			outputPaths = (
			);
			runOnlyForDeploymentPostprocessing = 0;
			shellPath = /bin/sh;
			shellScript = "\"${SRCROOT}/Pods/Pods-aerogear-otp.iosTests-resources.sh\"\n";
		};
/* End PBXShellScriptBuildPhase section */

/* Begin PBXSourcesBuildPhase section */
		81F41371A9713B70DC19ED87 /* Sources */ = {
			isa = PBXSourcesBuildPhase;
			buildActionMask = 2147483647;
			files = (
				E1D6C1B11676D39000995666 /* AGStringEncoding.m in Sources */,
				E1D6C1B21676D39000995666 /* AGStringEncoding.h in Sources */,
				E1D6C1B31676D39000995666 /* AGBase32.m in Sources */,
				E1D6C1B41676D39000995666 /* AGBase32.h in Sources */,
				E19BA98616727DF200736639 /* AGTotp.h in Sources */,
				E19BA98716727DF200736639 /* AGOtp.h in Sources */,
				E19BA98816727DF200736639 /* AeroGearOTP.h in Sources */,
				E19BA98316727DDC00736639 /* AGClock.m in Sources */,
				E19BA98416727DDC00736639 /* AGClock.h in Sources */,
				81F41258F05528DFC3EDD476 /* AGTotpTests.m in Sources */,
				E1F939CF165AA14500C5EB63 /* AGTotp.m in Sources */,
				E1F939D1165AA14F00C5EB63 /* AGOtp.m in Sources */,
				E11169A216724E6900C07264 /* AGClockTests.m in Sources */,
			);
			runOnlyForDeploymentPostprocessing = 0;
		};
		81F41936F323608E71AAF41D /* Sources */ = {
			isa = PBXSourcesBuildPhase;
			buildActionMask = 2147483647;
			files = (
				81F41B6CCA6DEFDD3B02DDDB /* AGTotp.m in Sources */,
				81F41EF24351CF2FDE3EAB37 /* AGOtp.m in Sources */,
				81F410675DF4BE98DD67260F /* AGClock.m in Sources */,
				81F4152394D09E48D35C733C /* AGStringEncoding.m in Sources */,
				81F419A16AB0420B039EEA1A /* AGBase32.m in Sources */,
			);
			runOnlyForDeploymentPostprocessing = 0;
		};
/* End PBXSourcesBuildPhase section */

/* Begin PBXTargetDependency section */
		81F41B220FACB32A3BFE2685 /* PBXTargetDependency */ = {
			isa = PBXTargetDependency;
			target = 81F412E1D1AC3AA31388DBC2 /* aerogear-otp.ios */;
			targetProxy = 81F41D3442F738087AC13E89 /* PBXContainerItemProxy */;
		};
/* End PBXTargetDependency section */

/* Begin PBXVariantGroup section */
		81F41AE49B44356348304329 /* InfoPlist.strings */ = {
			isa = PBXVariantGroup;
			children = (
				81F41A9BDB3BA0CCB64675D3 /* en */,
			);
			name = InfoPlist.strings;
			sourceTree = "<group>";
		};
/* End PBXVariantGroup section */

/* Begin XCBuildConfiguration section */
		81F410AF524515CE7BC278A9 /* Release */ = {
			isa = XCBuildConfiguration;
			baseConfigurationReference = 40BD4D415A0A41898667C1F3 /* Pods-aerogear-otp.iosTests.xcconfig */;
			buildSettings = {
				FRAMEWORK_SEARCH_PATHS = (
					"\"$(SDKROOT)/Developer/Library/Frameworks\"",
					"\"$(DEVELOPER_LIBRARY_DIR)/Frameworks\"",
				);
				GCC_PRECOMPILE_PREFIX_HEADER = YES;
				GCC_PREFIX_HEADER = "aerogear-otp.ios/aerogear-otp.ios-Prefix.pch";
				INFOPLIST_FILE = "aerogear-otp.iosTests/aerogear-otp.iosTests-Info.plist";
				PRODUCT_NAME = "aerogear-otp.iosTests";
				USER_HEADER_SEARCH_PATHS = "\"${PROJECT_DIR}/Pods\"/**";
				WRAPPER_EXTENSION = octest;
			};
			name = Release;
		};
		81F41B18288687AEA611B763 /* Debug */ = {
			isa = XCBuildConfiguration;
			baseConfigurationReference = 6F303D3816E7967B00F88AC0 /* common.xcconfig */;
			buildSettings = {
				DSTROOT = "/tmp/aerogear-otp.ios.dst";
				GCC_PRECOMPILE_PREFIX_HEADER = YES;
				GCC_PREFIX_HEADER = "aerogear-otp.ios/aerogear-otp.ios-Prefix.pch";
				OTHER_LDFLAGS = "-ObjC";
				PRODUCT_NAME = "aerogear-otp.ios";
				SKIP_INSTALL = YES;
			};
			name = Debug;
		};
		81F41B860976BAB0FFA95788 /* Release */ = {
			isa = XCBuildConfiguration;
			buildSettings = {
				ALWAYS_SEARCH_USER_PATHS = NO;
				CLANG_CXX_LANGUAGE_STANDARD = "gnu++0x";
				CLANG_CXX_LIBRARY = "libc++";
				CLANG_ENABLE_OBJC_ARC = YES;
				CLANG_WARN_EMPTY_BODY = YES;
				CLANG_WARN__DUPLICATE_METHOD_MATCH = YES;
				COPY_PHASE_STRIP = YES;
				GCC_C_LANGUAGE_STANDARD = gnu99;
				GCC_WARN_ABOUT_RETURN_TYPE = YES;
				GCC_WARN_UNINITIALIZED_AUTOS = YES;
				GCC_WARN_UNUSED_VARIABLE = YES;
				IPHONEOS_DEPLOYMENT_TARGET = 5.0;
				SDKROOT = iphoneos;
				VALIDATE_PRODUCT = YES;
			};
			name = Release;
		};
		81F41CD032B5B7899B3A513D /* Debug */ = {
			isa = XCBuildConfiguration;
			buildSettings = {
				ALWAYS_SEARCH_USER_PATHS = NO;
				CLANG_CXX_LANGUAGE_STANDARD = "gnu++0x";
				CLANG_CXX_LIBRARY = "libc++";
				CLANG_ENABLE_OBJC_ARC = YES;
				CLANG_WARN_EMPTY_BODY = YES;
				CLANG_WARN__DUPLICATE_METHOD_MATCH = YES;
				COPY_PHASE_STRIP = NO;
				GCC_C_LANGUAGE_STANDARD = gnu99;
				GCC_DYNAMIC_NO_PIC = NO;
				GCC_OPTIMIZATION_LEVEL = 0;
				GCC_PREPROCESSOR_DEFINITIONS = (
					"DEBUG=1",
					"$(inherited)",
				);
				GCC_SYMBOLS_PRIVATE_EXTERN = NO;
				GCC_WARN_ABOUT_RETURN_TYPE = YES;
				GCC_WARN_UNINITIALIZED_AUTOS = YES;
				GCC_WARN_UNUSED_VARIABLE = YES;
				IPHONEOS_DEPLOYMENT_TARGET = 5.0;
				ONLY_ACTIVE_ARCH = YES;
				SDKROOT = iphoneos;
				VALIDATE_PRODUCT = YES;
			};
			name = Debug;
		};
		81F41CDD33B46BB878AA9624 /* Release */ = {
			isa = XCBuildConfiguration;
			baseConfigurationReference = 6F303D3816E7967B00F88AC0 /* common.xcconfig */;
			buildSettings = {
				DSTROOT = "/tmp/aerogear-otp.ios.dst";
				GCC_PRECOMPILE_PREFIX_HEADER = YES;
				GCC_PREFIX_HEADER = "aerogear-otp.ios/aerogear-otp.ios-Prefix.pch";
				OTHER_LDFLAGS = "-ObjC";
				PRODUCT_NAME = "aerogear-otp.ios";
				SKIP_INSTALL = YES;
			};
			name = Release;
		};
		81F41CFF5D524408C8725BE5 /* Debug */ = {
			isa = XCBuildConfiguration;
			baseConfigurationReference = 40BD4D415A0A41898667C1F3 /* Pods-aerogear-otp.iosTests.xcconfig */;
			buildSettings = {
				FRAMEWORK_SEARCH_PATHS = (
					"\"$(SDKROOT)/Developer/Library/Frameworks\"",
					"\"$(DEVELOPER_LIBRARY_DIR)/Frameworks\"",
				);
				GCC_PRECOMPILE_PREFIX_HEADER = YES;
				GCC_PREFIX_HEADER = "aerogear-otp.ios/aerogear-otp.ios-Prefix.pch";
				INFOPLIST_FILE = "aerogear-otp.iosTests/aerogear-otp.iosTests-Info.plist";
				PRODUCT_NAME = "aerogear-otp.iosTests";
				USER_HEADER_SEARCH_PATHS = "\"${PROJECT_DIR}/Pods\"/**";
				WRAPPER_EXTENSION = octest;
			};
			name = Debug;
		};
/* End XCBuildConfiguration section */

/* Begin XCConfigurationList section */
		81F4129254F03A22F986AA87 /* Build configuration list for PBXNativeTarget "aerogear-otp.ios" */ = {
			isa = XCConfigurationList;
			buildConfigurations = (
				81F41CDD33B46BB878AA9624 /* Release */,
				81F41B18288687AEA611B763 /* Debug */,
			);
			defaultConfigurationIsVisible = 0;
			defaultConfigurationName = Release;
		};
		81F4135C0429595CE78B95FB /* Build configuration list for PBXProject "aerogear-otp.ios" */ = {
			isa = XCConfigurationList;
			buildConfigurations = (
				81F41B860976BAB0FFA95788 /* Release */,
				81F41CD032B5B7899B3A513D /* Debug */,
			);
			defaultConfigurationIsVisible = 0;
			defaultConfigurationName = Release;
		};
		81F4170EC4C2307C435655A3 /* Build configuration list for PBXNativeTarget "aerogear-otp.iosTests" */ = {
			isa = XCConfigurationList;
			buildConfigurations = (
				81F410AF524515CE7BC278A9 /* Release */,
				81F41CFF5D524408C8725BE5 /* Debug */,
			);
			defaultConfigurationIsVisible = 0;
			defaultConfigurationName = Release;
		};
/* End XCConfigurationList section */
	};
	rootObject = 81F411BA5904484694D442E0 /* Project object */;
}
