// !$*UTF8*$!
{
	archiveVersion = 1;
	classes = {
	};
	objectVersion = 46;
	objects = {

/* Begin PBXBuildFile section */
		81F411400E888F8F8FC747C3 /* TOTPGenerator.h in CopyFiles */ = {isa = PBXBuildFile; fileRef = 81F41F70D8A686C1492A99EC /* TOTPGenerator.h */; };
		81F411FF838A6B5FD400910F /* InfoPlist.strings in Resources */ = {isa = PBXBuildFile; fileRef = 81F41AE49B44356348304329 /* InfoPlist.strings */; };
		81F41258F05528DFC3EDD476 /* TOTPGeneratorTests.m in Sources */ = {isa = PBXBuildFile; fileRef = 81F413635101311EA2858A9A /* TOTPGeneratorTests.m */; };
		81F41756774CCFE0E443575E /* Foundation.framework in Frameworks */ = {isa = PBXBuildFile; fileRef = 81F41D8D0107C4A79962F802 /* Foundation.framework */; };
		81F4183B5599B1F00B7404BD /* UIKit.framework in Frameworks */ = {isa = PBXBuildFile; fileRef = 81F4106D1F3FE8FB17BDE31F /* UIKit.framework */; };
		81F41877C7A276B7428ADFA7 /* OTPGenerator.h in CopyFiles */ = {isa = PBXBuildFile; fileRef = 81F41214CF9DDC5E95CC61D0 /* OTPGenerator.h */; };
		81F41B6CCA6DEFDD3B02DDDB /* TOTPGenerator.m in Sources */ = {isa = PBXBuildFile; fileRef = 81F41619A751E93404EB6E4B /* TOTPGenerator.m */; };
		81F41E8603F38A15A3D6DE7C /* Foundation.framework in Frameworks */ = {isa = PBXBuildFile; fileRef = 81F41D8D0107C4A79962F802 /* Foundation.framework */; };
		81F41EA5818BC731CFB8EBFF /* SenTestingKit.framework in Frameworks */ = {isa = PBXBuildFile; fileRef = 81F4153064F1AD8390B46832 /* SenTestingKit.framework */; };
		81F41EF24351CF2FDE3EAB37 /* OTPGenerator.m in Sources */ = {isa = PBXBuildFile; fileRef = 81F41A09B543FA84D4F3E6FF /* OTPGenerator.m */; };
		E1F939CF165AA14500C5EB63 /* TOTPGenerator.m in Sources */ = {isa = PBXBuildFile; fileRef = 81F41619A751E93404EB6E4B /* TOTPGenerator.m */; };
		E1F939D1165AA14F00C5EB63 /* OTPGenerator.m in Sources */ = {isa = PBXBuildFile; fileRef = 81F41A09B543FA84D4F3E6FF /* OTPGenerator.m */; };
/* End PBXBuildFile section */

/* Begin PBXContainerItemProxy section */
		81F41D3442F738087AC13E89 /* PBXContainerItemProxy */ = {
			isa = PBXContainerItemProxy;
			containerPortal = 81F411BA5904484694D442E0 /* Project object */;
			proxyType = 1;
			remoteGlobalIDString = 81F412E1D1AC3AA31388DBC2;
			remoteInfo = cuckootp.ios;
		};
/* End PBXContainerItemProxy section */

/* Begin PBXCopyFilesBuildPhase section */
		81F417FD846DF60F5EE8A5B7 /* CopyFiles */ = {
			isa = PBXCopyFilesBuildPhase;
			buildActionMask = 2147483647;
			dstPath = "include/${PRODUCT_NAME}";
			dstSubfolderSpec = 16;
			files = (
				81F411400E888F8F8FC747C3 /* TOTPGenerator.h in CopyFiles */,
				81F41877C7A276B7428ADFA7 /* OTPGenerator.h in CopyFiles */,
			);
			runOnlyForDeploymentPostprocessing = 0;
		};
/* End PBXCopyFilesBuildPhase section */

/* Begin PBXFileReference section */
		81F4106D1F3FE8FB17BDE31F /* UIKit.framework */ = {isa = PBXFileReference; lastKnownFileType = wrapper.framework; name = UIKit.framework; path = System/Library/Frameworks/UIKit.framework; sourceTree = SDKROOT; };
		81F41214CF9DDC5E95CC61D0 /* OTPGenerator.h */ = {isa = PBXFileReference; fileEncoding = 4; lastKnownFileType = sourcecode.c.h; path = OTPGenerator.h; sourceTree = "<group>"; };
		81F413635101311EA2858A9A /* TOTPGeneratorTests.m */ = {isa = PBXFileReference; lastKnownFileType = sourcecode.c.objc; path = TOTPGeneratorTests.m; sourceTree = "<group>"; };
		81F4153064F1AD8390B46832 /* SenTestingKit.framework */ = {isa = PBXFileReference; lastKnownFileType = wrapper.framework; name = SenTestingKit.framework; path = Library/Frameworks/SenTestingKit.framework; sourceTree = DEVELOPER_DIR; };
		81F41619A751E93404EB6E4B /* TOTPGenerator.m */ = {isa = PBXFileReference; fileEncoding = 4; lastKnownFileType = sourcecode.c.objc; path = TOTPGenerator.m; sourceTree = "<group>"; };
		81F41621D94B6B79552689A3 /* libcuckootp.ios.a */ = {isa = PBXFileReference; explicitFileType = archive.ar; includeInIndex = 0; path = libcuckootp.ios.a; sourceTree = BUILT_PRODUCTS_DIR; };
		81F41A09B543FA84D4F3E6FF /* OTPGenerator.m */ = {isa = PBXFileReference; fileEncoding = 4; lastKnownFileType = sourcecode.c.objc; path = OTPGenerator.m; sourceTree = "<group>"; };
		81F41A339F6C8F87B8839281 /* cuckootp.ios-Prefix.pch */ = {isa = PBXFileReference; lastKnownFileType = sourcecode.c.h; path = "cuckootp.ios-Prefix.pch"; sourceTree = "<group>"; };
		81F41A9BDB3BA0CCB64675D3 /* en */ = {isa = PBXFileReference; lastKnownFileType = text.plist.strings; name = en; path = en.lproj/InfoPlist.strings; sourceTree = "<group>"; };
		81F41C79681C1E7FC6E18233 /* cuckootp.iosTests-Info.plist */ = {isa = PBXFileReference; lastKnownFileType = text.plist.info; path = "cuckootp.iosTests-Info.plist"; sourceTree = "<group>"; };
		81F41D8D0107C4A79962F802 /* Foundation.framework */ = {isa = PBXFileReference; lastKnownFileType = wrapper.framework; name = Foundation.framework; path = System/Library/Frameworks/Foundation.framework; sourceTree = SDKROOT; };
		81F41DAAA0F339CAA4A45113 /* cuckootp.iosTests.octest */ = {isa = PBXFileReference; explicitFileType = wrapper.cfbundle; includeInIndex = 0; path = cuckootp.iosTests.octest; sourceTree = BUILT_PRODUCTS_DIR; };
		81F41F70D8A686C1492A99EC /* TOTPGenerator.h */ = {isa = PBXFileReference; fileEncoding = 4; lastKnownFileType = sourcecode.c.h; path = TOTPGenerator.h; sourceTree = "<group>"; };
/* End PBXFileReference section */

/* Begin PBXFrameworksBuildPhase section */
		81F416E3494E87BD1B604831 /* Frameworks */ = {
			isa = PBXFrameworksBuildPhase;
			buildActionMask = 2147483647;
			files = (
				81F41EA5818BC731CFB8EBFF /* SenTestingKit.framework in Frameworks */,
				81F4183B5599B1F00B7404BD /* UIKit.framework in Frameworks */,
				81F41756774CCFE0E443575E /* Foundation.framework in Frameworks */,
			);
			runOnlyForDeploymentPostprocessing = 0;
		};
		81F419E2DE82351CAF39B84B /* Frameworks */ = {
			isa = PBXFrameworksBuildPhase;
			buildActionMask = 2147483647;
			files = (
				81F41E8603F38A15A3D6DE7C /* Foundation.framework in Frameworks */,
			);
			runOnlyForDeploymentPostprocessing = 0;
		};
/* End PBXFrameworksBuildPhase section */

/* Begin PBXGroup section */
		81F41388A888F2535026DDEE /* cuckootp.iosTests */ = {
			isa = PBXGroup;
			children = (
				81F41B5BE5FFADC666E61AA4 /* Supporting Files */,
				81F413635101311EA2858A9A /* TOTPGeneratorTests.m */,
			);
			path = cuckootp.iosTests;
			sourceTree = "<group>";
		};
		81F415AECDD9C8C189F9DF76 /* Products */ = {
			isa = PBXGroup;
			children = (
				81F41621D94B6B79552689A3 /* libcuckootp.ios.a */,
				81F41DAAA0F339CAA4A45113 /* cuckootp.iosTests.octest */,
			);
			name = Products;
			sourceTree = "<group>";
		};
		81F41A4F242A5F3F8A0988CD /* cuckootp.ios */ = {
			isa = PBXGroup;
			children = (
				81F41CDC9BA237C5509D7034 /* Supporting Files */,
				81F41F70D8A686C1492A99EC /* TOTPGenerator.h */,
				81F41619A751E93404EB6E4B /* TOTPGenerator.m */,
				81F41214CF9DDC5E95CC61D0 /* OTPGenerator.h */,
				81F41A09B543FA84D4F3E6FF /* OTPGenerator.m */,
			);
			path = cuckootp.ios;
			sourceTree = "<group>";
		};
		81F41B5BE5FFADC666E61AA4 /* Supporting Files */ = {
			isa = PBXGroup;
			children = (
				81F41C79681C1E7FC6E18233 /* cuckootp.iosTests-Info.plist */,
				81F41AE49B44356348304329 /* InfoPlist.strings */,
			);
			name = "Supporting Files";
			sourceTree = "<group>";
		};
		81F41C8363C8B4FF82940B04 = {
			isa = PBXGroup;
			children = (
				81F415AECDD9C8C189F9DF76 /* Products */,
				81F41D392730CBCAA494FACD /* Frameworks */,
				81F41A4F242A5F3F8A0988CD /* cuckootp.ios */,
				81F41388A888F2535026DDEE /* cuckootp.iosTests */,
			);
			sourceTree = "<group>";
		};
		81F41CDC9BA237C5509D7034 /* Supporting Files */ = {
			isa = PBXGroup;
			children = (
				81F41A339F6C8F87B8839281 /* cuckootp.ios-Prefix.pch */,
			);
			name = "Supporting Files";
			sourceTree = "<group>";
		};
		81F41D392730CBCAA494FACD /* Frameworks */ = {
			isa = PBXGroup;
			children = (
				81F41D8D0107C4A79962F802 /* Foundation.framework */,
				81F4153064F1AD8390B46832 /* SenTestingKit.framework */,
				81F4106D1F3FE8FB17BDE31F /* UIKit.framework */,
			);
			name = Frameworks;
			sourceTree = "<group>";
		};
/* End PBXGroup section */

/* Begin PBXNativeTarget section */
		81F412E1D1AC3AA31388DBC2 /* cuckootp.ios */ = {
			isa = PBXNativeTarget;
			buildConfigurationList = 81F4129254F03A22F986AA87 /* Build configuration list for PBXNativeTarget "cuckootp.ios" */;
			buildPhases = (
				81F41936F323608E71AAF41D /* Sources */,
				81F419E2DE82351CAF39B84B /* Frameworks */,
				81F417FD846DF60F5EE8A5B7 /* CopyFiles */,
			);
			buildRules = (
			);
			dependencies = (
			);
			name = cuckootp.ios;
			productName = cuckootp.ios;
			productReference = 81F41621D94B6B79552689A3 /* libcuckootp.ios.a */;
			productType = "com.apple.product-type.library.static";
		};
		81F41B0DE92C2117AB2F5685 /* cuckootp.iosTests */ = {
			isa = PBXNativeTarget;
			buildConfigurationList = 81F4170EC4C2307C435655A3 /* Build configuration list for PBXNativeTarget "cuckootp.iosTests" */;
			buildPhases = (
				81F41371A9713B70DC19ED87 /* Sources */,
				81F416E3494E87BD1B604831 /* Frameworks */,
				81F4190F94A95991D47E1DA5 /* Resources */,
				81F410BEDA29A4E040C6596B /* ShellScript */,
			);
			buildRules = (
			);
			dependencies = (
				81F41B220FACB32A3BFE2685 /* PBXTargetDependency */,
			);
			name = cuckootp.iosTests;
			productName = cuckootp.iosTests;
			productReference = 81F41DAAA0F339CAA4A45113 /* cuckootp.iosTests.octest */;
			productType = "com.apple.product-type.bundle";
		};
/* End PBXNativeTarget section */

/* Begin PBXProject section */
		81F411BA5904484694D442E0 /* Project object */ = {
			isa = PBXProject;
			attributes = {
				LastUpgradeCheck = 0450;
			};
			buildConfigurationList = 81F4135C0429595CE78B95FB /* Build configuration list for PBXProject "cuckootp.ios" */;
			compatibilityVersion = "Xcode 3.2";
			developmentRegion = English;
			hasScannedForEncodings = 0;
			knownRegions = (
				en,
			);
			mainGroup = 81F41C8363C8B4FF82940B04;
			productRefGroup = 81F415AECDD9C8C189F9DF76 /* Products */;
			projectDirPath = "";
			projectRoot = "";
			targets = (
				81F412E1D1AC3AA31388DBC2 /* cuckootp.ios */,
				81F41B0DE92C2117AB2F5685 /* cuckootp.iosTests */,
			);
		};
/* End PBXProject section */

/* Begin PBXResourcesBuildPhase section */
		81F4190F94A95991D47E1DA5 /* Resources */ = {
			isa = PBXResourcesBuildPhase;
			buildActionMask = 2147483647;
			files = (
				81F411FF838A6B5FD400910F /* InfoPlist.strings in Resources */,
			);
			runOnlyForDeploymentPostprocessing = 0;
		};
/* End PBXResourcesBuildPhase section */

/* Begin PBXShellScriptBuildPhase section */
		81F410BEDA29A4E040C6596B /* ShellScript */ = {
			isa = PBXShellScriptBuildPhase;
			buildActionMask = 2147483647;
			files = (
			);
			inputPaths = (
			);
			outputPaths = (
			);
			runOnlyForDeploymentPostprocessing = 0;
			shellPath = /bin/sh;
			shellScript = "# Run the unit tests in this test bundle.\n\"${SYSTEM_DEVELOPER_DIR}/Tools/RunUnitTests\"\n";
		};
/* End PBXShellScriptBuildPhase section */

/* Begin PBXSourcesBuildPhase section */
		81F41371A9713B70DC19ED87 /* Sources */ = {
			isa = PBXSourcesBuildPhase;
			buildActionMask = 2147483647;
			files = (
				81F41258F05528DFC3EDD476 /* TOTPGeneratorTests.m in Sources */,
				E1F939CF165AA14500C5EB63 /* TOTPGenerator.m in Sources */,
				E1F939D1165AA14F00C5EB63 /* OTPGenerator.m in Sources */,
			);
			runOnlyForDeploymentPostprocessing = 0;
		};
		81F41936F323608E71AAF41D /* Sources */ = {
			isa = PBXSourcesBuildPhase;
			buildActionMask = 2147483647;
			files = (
				81F41B6CCA6DEFDD3B02DDDB /* TOTPGenerator.m in Sources */,
				81F41EF24351CF2FDE3EAB37 /* OTPGenerator.m in Sources */,
			);
			runOnlyForDeploymentPostprocessing = 0;
		};
/* End PBXSourcesBuildPhase section */

/* Begin PBXTargetDependency section */
		81F41B220FACB32A3BFE2685 /* PBXTargetDependency */ = {
			isa = PBXTargetDependency;
			target = 81F412E1D1AC3AA31388DBC2 /* cuckootp.ios */;
			targetProxy = 81F41D3442F738087AC13E89 /* PBXContainerItemProxy */;
		};
/* End PBXTargetDependency section */

/* Begin PBXVariantGroup section */
		81F41AE49B44356348304329 /* InfoPlist.strings */ = {
			isa = PBXVariantGroup;
			children = (
				81F41A9BDB3BA0CCB64675D3 /* en */,
			);
			name = InfoPlist.strings;
			sourceTree = "<group>";
		};
/* End PBXVariantGroup section */

/* Begin XCBuildConfiguration section */
		81F410AF524515CE7BC278A9 /* Release */ = {
			isa = XCBuildConfiguration;
			buildSettings = {
				FRAMEWORK_SEARCH_PATHS = (
					"\"$(SDKROOT)/Developer/Library/Frameworks\"",
					"\"$(DEVELOPER_LIBRARY_DIR)/Frameworks\"",
				);
				GCC_PRECOMPILE_PREFIX_HEADER = YES;
				GCC_PREFIX_HEADER = "cuckootp.ios/cuckootp.ios-Prefix.pch";
				INFOPLIST_FILE = "cuckootp.iosTests/cuckootp.iosTests-Info.plist";
				PRODUCT_NAME = "$(TARGET_NAME)";
				WRAPPER_EXTENSION = octest;
			};
			name = Release;
		};
		81F41B18288687AEA611B763 /* Debug */ = {
			isa = XCBuildConfiguration;
			buildSettings = {
				DSTROOT = /tmp/cuckootp_ios.dst;
				GCC_PRECOMPILE_PREFIX_HEADER = YES;
				GCC_PREFIX_HEADER = "cuckootp.ios/cuckootp.ios-Prefix.pch";
				OTHER_LDFLAGS = "-ObjC";
				PRODUCT_NAME = "$(TARGET_NAME)";
				SKIP_INSTALL = YES;
			};
			name = Debug;
		};
		81F41B860976BAB0FFA95788 /* Release */ = {
			isa = XCBuildConfiguration;
			buildSettings = {
				ALWAYS_SEARCH_USER_PATHS = NO;
				CLANG_CXX_LANGUAGE_STANDARD = "gnu++0x";
				CLANG_CXX_LIBRARY = "libc++";
				CLANG_ENABLE_OBJC_ARC = YES;
				CLANG_WARN_EMPTY_BODY = YES;
				CLANG_WARN__DUPLICATE_METHOD_MATCH = YES;
				COPY_PHASE_STRIP = YES;
				GCC_C_LANGUAGE_STANDARD = gnu99;
				GCC_WARN_ABOUT_RETURN_TYPE = YES;
				GCC_WARN_UNINITIALIZED_AUTOS = YES;
				GCC_WARN_UNUSED_VARIABLE = YES;
				IPHONEOS_DEPLOYMENT_TARGET = 5.0;
				SDKROOT = iphoneos;
				VALIDATE_PRODUCT = YES;
			};
			name = Release;
		};
		81F41CD032B5B7899B3A513D /* Debug */ = {
			isa = XCBuildConfiguration;
			buildSettings = {
				ALWAYS_SEARCH_USER_PATHS = NO;
				CLANG_CXX_LANGUAGE_STANDARD = "gnu++0x";
				CLANG_CXX_LIBRARY = "libc++";
				CLANG_ENABLE_OBJC_ARC = YES;
				CLANG_WARN_EMPTY_BODY = YES;
				CLANG_WARN__DUPLICATE_METHOD_MATCH = YES;
				COPY_PHASE_STRIP = NO;
				GCC_C_LANGUAGE_STANDARD = gnu99;
				GCC_DYNAMIC_NO_PIC = NO;
				GCC_OPTIMIZATION_LEVEL = 0;
				GCC_PREPROCESSOR_DEFINITIONS = (
					"DEBUG=1",
					"$(inherited)",
				);
				GCC_SYMBOLS_PRIVATE_EXTERN = NO;
				GCC_WARN_ABOUT_RETURN_TYPE = YES;
				GCC_WARN_UNINITIALIZED_AUTOS = YES;
				GCC_WARN_UNUSED_VARIABLE = YES;
				IPHONEOS_DEPLOYMENT_TARGET = 5.0;
				ONLY_ACTIVE_ARCH = YES;
				SDKROOT = iphoneos;
				VALIDATE_PRODUCT = YES;
			};
			name = Debug;
		};
		81F41CDD33B46BB878AA9624 /* Release */ = {
			isa = XCBuildConfiguration;
			buildSettings = {
				DSTROOT = /tmp/cuckootp_ios.dst;
				GCC_PRECOMPILE_PREFIX_HEADER = YES;
				GCC_PREFIX_HEADER = "cuckootp.ios/cuckootp.ios-Prefix.pch";
				OTHER_LDFLAGS = "-ObjC";
				PRODUCT_NAME = "$(TARGET_NAME)";
				SKIP_INSTALL = YES;
			};
			name = Release;
		};
		81F41CFF5D524408C8725BE5 /* Debug */ = {
			isa = XCBuildConfiguration;
			buildSettings = {
				FRAMEWORK_SEARCH_PATHS = (
					"\"$(SDKROOT)/Developer/Library/Frameworks\"",
					"\"$(DEVELOPER_LIBRARY_DIR)/Frameworks\"",
				);
				GCC_PRECOMPILE_PREFIX_HEADER = YES;
				GCC_PREFIX_HEADER = "cuckootp.ios/cuckootp.ios-Prefix.pch";
				INFOPLIST_FILE = "cuckootp.iosTests/cuckootp.iosTests-Info.plist";
				PRODUCT_NAME = "$(TARGET_NAME)";
				WRAPPER_EXTENSION = octest;
			};
			name = Debug;
		};
/* End XCBuildConfiguration section */

/* Begin XCConfigurationList section */
		81F4129254F03A22F986AA87 /* Build configuration list for PBXNativeTarget "cuckootp.ios" */ = {
			isa = XCConfigurationList;
			buildConfigurations = (
				81F41CDD33B46BB878AA9624 /* Release */,
				81F41B18288687AEA611B763 /* Debug */,
			);
			defaultConfigurationIsVisible = 0;
			defaultConfigurationName = Release;
		};
		81F4135C0429595CE78B95FB /* Build configuration list for PBXProject "cuckootp.ios" */ = {
			isa = XCConfigurationList;
			buildConfigurations = (
				81F41B860976BAB0FFA95788 /* Release */,
				81F41CD032B5B7899B3A513D /* Debug */,
			);
			defaultConfigurationIsVisible = 0;
			defaultConfigurationName = Release;
		};
		81F4170EC4C2307C435655A3 /* Build configuration list for PBXNativeTarget "cuckootp.iosTests" */ = {
			isa = XCConfigurationList;
			buildConfigurations = (
				81F410AF524515CE7BC278A9 /* Release */,
				81F41CFF5D524408C8725BE5 /* Debug */,
			);
			defaultConfigurationIsVisible = 0;
			defaultConfigurationName = Release;
		};
/* End XCConfigurationList section */
	};
	rootObject = 81F411BA5904484694D442E0 /* Project object */;
}
