<?xml version="1.0" encoding="UTF-8"?>
<Scheme
   version = "1.3">
   <BuildAction>
      <BuildActionEntries>
         <BuildActionEntry
            buildForRunning = "YES"
            buildForTesting = "YES">
            <BuildableReference
               BuildableIdentifier = "primary"
               BlueprintIdentifier = "81F41B0DE92C2117AB2F5685"
               BuildableName = "cuckootp.iosTests.octest"
               BlueprintName = "cuckootp.iosTests"
               ReferencedContainer = "container:cuckootp.ios.xcodeproj">
            </BuildableReference>
         </BuildActionEntry>
      </BuildActionEntries>
   </BuildAction>
   <TestAction
      buildConfiguration = "Debug">
      <Testables>
         <TestableReference>
            <BuildableReference
               BuildableIdentifier = "primary"
               BlueprintIdentifier = "81F41B0DE92C2117AB2F5685"
               BuildableName = "cuckootp.iosTests.octest"
               BlueprintName = "cuckootp.iosTests"
               ReferencedContainer = "container:cuckootp.ios.xcodeproj">
            </BuildableReference>
         </TestableReference>
      </Testables>
   </TestAction>
   <LaunchAction
      useCustomWorkingDirectory = "NO">
   </LaunchAction>
</Scheme>
